
Microsoft Visual Studio Solution File, Format Version 12.00
# Visual Studio Version 17
VisualStudioVersion = 17.9.34723.18
MinimumVisualStudioVersion = 10.0.40219.1
Project("{9A19103F-16F7-4668-BE54-9A1E7A4F7556}") = "MESFactoryTalkAPI", "MESFactoryTalkAPI\MESFactoryTalkAPI.csproj", "{A62F93BD-9A09-461B-BEF7-4A2AA0EB5173}"
EndProject
Global
	GlobalSection(SolutionConfigurationPlatforms) = preSolution
		Debug|Any CPU = Debug|Any CPU
		Release|Any CPU = Release|Any CPU
	EndGlobalSection
	GlobalSection(ProjectConfigurationPlatforms) = postSolution
		{A62F93BD-9A09-461B-BEF7-4A2AA0EB5173}.Debug|Any CPU.ActiveCfg = Debug|Any CPU
		{A62F93BD-9A09-461B-BEF7-4A2AA0EB5173}.Debug|Any CPU.Build.0 = Debug|Any CPU
		{A62F93BD-9A09-461B-BEF7-4A2AA0EB5173}.Release|Any CPU.ActiveCfg = Release|Any CPU
		{A62F93BD-9A09-461B-BEF7-4A2AA0EB5173}.Release|Any CPU.Build.0 = Release|Any CPU
	EndGlobalSection
	GlobalSection(SolutionProperties) = preSolution
		HideSolutionNode = FALSE
	EndGlobalSection
	GlobalSection(ExtensibilityGlobals) = postSolution
		SolutionGuid = {10411D37-365E-4F82-B96D-268C6714FD51}
	EndGlobalSection
EndGlobal
